<?xml version="1.0" encoding="UTF-8"?>
<CodeBlocks_project_file>
	<FileVersion major="1" minor="6"/>
	<Project>
		<Option title="untitled"/>
		<Option makefile_is_custom="1"/>
		<Option compiler="gcc"/>
		<Option virtualFolders="CMake Files\;"/>
		<Build>
			<Target title="all">
				<Option working_dir="/home/santi/Escritorio/tp4 final/TP4---Portal"/>
				<Option type="4"/>
				<MakeCommands>
					<Build command="/usr/bin/make -f &quot;/home/santi/Escritorio/tp4\ final/TP4---Portal/Makefile&quot;  VERBOSE=1 all"/>
					<CompileFile command="/usr/bin/make -f &quot;/home/santi/Escritorio/tp4\ final/TP4---Portal/Makefile&quot;  VERBOSE=1 &quot;$file&quot;"/>
					<Clean command="/usr/bin/make -f &quot;/home/santi/Escritorio/tp4\ final/TP4---Portal/Makefile&quot;  VERBOSE=1 clean"/>
					<DistClean command="/usr/bin/make -f &quot;/home/santi/Escritorio/tp4\ final/TP4---Portal/Makefile&quot;  VERBOSE=1 clean"/>
				</MakeCommands>
			</Target>
			<Target title="rebuild_cache">
				<Option working_dir="/home/santi/Escritorio/tp4 final/TP4---Portal"/>
				<Option type="4"/>
				<MakeCommands>
					<Build command="/usr/bin/make -f &quot;/home/santi/Escritorio/tp4\ final/TP4---Portal/Makefile&quot;  VERBOSE=1 rebuild_cache"/>
					<CompileFile command="/usr/bin/make -f &quot;/home/santi/Escritorio/tp4\ final/TP4---Portal/Makefile&quot;  VERBOSE=1 &quot;$file&quot;"/>
					<Clean command="/usr/bin/make -f &quot;/home/santi/Escritorio/tp4\ final/TP4---Portal/Makefile&quot;  VERBOSE=1 clean"/>
					<DistClean command="/usr/bin/make -f &quot;/home/santi/Escritorio/tp4\ final/TP4---Portal/Makefile&quot;  VERBOSE=1 clean"/>
				</MakeCommands>
			</Target>
			<Target title="edit_cache">
				<Option working_dir="/home/santi/Escritorio/tp4 final/TP4---Portal"/>
				<Option type="4"/>
				<MakeCommands>
					<Build command="/usr/bin/make -f &quot;/home/santi/Escritorio/tp4\ final/TP4---Portal/Makefile&quot;  VERBOSE=1 edit_cache"/>
					<CompileFile command="/usr/bin/make -f &quot;/home/santi/Escritorio/tp4\ final/TP4---Portal/Makefile&quot;  VERBOSE=1 &quot;$file&quot;"/>
					<Clean command="/usr/bin/make -f &quot;/home/santi/Escritorio/tp4\ final/TP4---Portal/Makefile&quot;  VERBOSE=1 clean"/>
					<DistClean command="/usr/bin/make -f &quot;/home/santi/Escritorio/tp4\ final/TP4---Portal/Makefile&quot;  VERBOSE=1 clean"/>
				</MakeCommands>
			</Target>
			<Target title="untitled">
				<Option output="/home/santi/Escritorio/tp4 final/TP4---Portal/untitled" prefix_auto="0" extension_auto="0"/>
				<Option working_dir="/home/santi/Escritorio/tp4 final/TP4---Portal"/>
				<Option object_output="./"/>
				<Option type="1"/>
				<Option compiler="gcc"/>
				<Compiler>
					<Add directory="/home/santi/Escritorio/tp4 final/TP4---Portal/libs"/>
				</Compiler>
				<MakeCommands>
					<Build command="/usr/bin/make -f &quot;/home/santi/Escritorio/tp4\ final/TP4---Portal/Makefile&quot;  VERBOSE=1 untitled"/>
					<CompileFile command="/usr/bin/make -f &quot;/home/santi/Escritorio/tp4\ final/TP4---Portal/Makefile&quot;  VERBOSE=1 &quot;$file&quot;"/>
					<Clean command="/usr/bin/make -f &quot;/home/santi/Escritorio/tp4\ final/TP4---Portal/Makefile&quot;  VERBOSE=1 clean"/>
					<DistClean command="/usr/bin/make -f &quot;/home/santi/Escritorio/tp4\ final/TP4---Portal/Makefile&quot;  VERBOSE=1 clean"/>
				</MakeCommands>
			</Target>
			<Target title="untitled/fast">
				<Option output="/home/santi/Escritorio/tp4 final/TP4---Portal/untitled" prefix_auto="0" extension_auto="0"/>
				<Option working_dir="/home/santi/Escritorio/tp4 final/TP4---Portal"/>
				<Option object_output="./"/>
				<Option type="1"/>
				<Option compiler="gcc"/>
				<Compiler>
					<Add directory="/home/santi/Escritorio/tp4 final/TP4---Portal/libs"/>
				</Compiler>
				<MakeCommands>
					<Build command="/usr/bin/make -f &quot;/home/santi/Escritorio/tp4\ final/TP4---Portal/Makefile&quot;  VERBOSE=1 untitled/fast"/>
					<CompileFile command="/usr/bin/make -f &quot;/home/santi/Escritorio/tp4\ final/TP4---Portal/Makefile&quot;  VERBOSE=1 &quot;$file&quot;"/>
					<Clean command="/usr/bin/make -f &quot;/home/santi/Escritorio/tp4\ final/TP4---Portal/Makefile&quot;  VERBOSE=1 clean"/>
					<DistClean command="/usr/bin/make -f &quot;/home/santi/Escritorio/tp4\ final/TP4---Portal/Makefile&quot;  VERBOSE=1 clean"/>
				</MakeCommands>
			</Target>
			<Target title="Box2D">
				<Option output="/home/santi/Escritorio/tp4 final/TP4---Portal/libBox2D.a" prefix_auto="0" extension_auto="0"/>
				<Option working_dir="/home/santi/Escritorio/tp4 final/TP4---Portal"/>
				<Option object_output="./"/>
				<Option type="2"/>
				<Option compiler="gcc"/>
				<Compiler>
					<Add directory="/home/santi/Escritorio/tp4 final/TP4---Portal/libs"/>
				</Compiler>
				<MakeCommands>
					<Build command="/usr/bin/make -f &quot;/home/santi/Escritorio/tp4\ final/TP4---Portal/Makefile&quot;  VERBOSE=1 Box2D"/>
					<CompileFile command="/usr/bin/make -f &quot;/home/santi/Escritorio/tp4\ final/TP4---Portal/Makefile&quot;  VERBOSE=1 &quot;$file&quot;"/>
					<Clean command="/usr/bin/make -f &quot;/home/santi/Escritorio/tp4\ final/TP4---Portal/Makefile&quot;  VERBOSE=1 clean"/>
					<DistClean command="/usr/bin/make -f &quot;/home/santi/Escritorio/tp4\ final/TP4---Portal/Makefile&quot;  VERBOSE=1 clean"/>
				</MakeCommands>
			</Target>
			<Target title="Box2D/fast">
				<Option output="/home/santi/Escritorio/tp4 final/TP4---Portal/libBox2D.a" prefix_auto="0" extension_auto="0"/>
				<Option working_dir="/home/santi/Escritorio/tp4 final/TP4---Portal"/>
				<Option object_output="./"/>
				<Option type="2"/>
				<Option compiler="gcc"/>
				<Compiler>
					<Add directory="/home/santi/Escritorio/tp4 final/TP4---Portal/libs"/>
				</Compiler>
				<MakeCommands>
					<Build command="/usr/bin/make -f &quot;/home/santi/Escritorio/tp4\ final/TP4---Portal/Makefile&quot;  VERBOSE=1 Box2D/fast"/>
					<CompileFile command="/usr/bin/make -f &quot;/home/santi/Escritorio/tp4\ final/TP4---Portal/Makefile&quot;  VERBOSE=1 &quot;$file&quot;"/>
					<Clean command="/usr/bin/make -f &quot;/home/santi/Escritorio/tp4\ final/TP4---Portal/Makefile&quot;  VERBOSE=1 clean"/>
					<DistClean command="/usr/bin/make -f &quot;/home/santi/Escritorio/tp4\ final/TP4---Portal/Makefile&quot;  VERBOSE=1 clean"/>
				</MakeCommands>
			</Target>
		</Build>
		<Unit filename="/home/santi/Escritorio/tp4 final/TP4---Portal/Acido.cpp">
			<Option target="Box2D"/>
		</Unit>
		<Unit filename="/home/santi/Escritorio/tp4 final/TP4---Portal/Acido.h">
			<Option target="Box2D"/>
		</Unit>
		<Unit filename="/home/santi/Escritorio/tp4 final/TP4---Portal/Bloque.cpp">
			<Option target="Box2D"/>
		</Unit>
		<Unit filename="/home/santi/Escritorio/tp4 final/TP4---Portal/Bloque.h">
			<Option target="Box2D"/>
		</Unit>
		<Unit filename="/home/santi/Escritorio/tp4 final/TP4---Portal/BloqueMetal.cpp">
			<Option target="Box2D"/>
		</Unit>
		<Unit filename="/home/santi/Escritorio/tp4 final/TP4---Portal/BloqueMetal.h">
			<Option target="Box2D"/>
		</Unit>
		<Unit filename="/home/santi/Escritorio/tp4 final/TP4---Portal/BloqueRoca.cpp">
			<Option target="Box2D"/>
		</Unit>
		<Unit filename="/home/santi/Escritorio/tp4 final/TP4---Portal/BloqueRoca.h">
			<Option target="Box2D"/>
		</Unit>
		<Unit filename="/home/santi/Escritorio/tp4 final/TP4---Portal/BolaEnergia.cpp">
			<Option target="Box2D"/>
		</Unit>
		<Unit filename="/home/santi/Escritorio/tp4 final/TP4---Portal/BolaEnergia.h">
			<Option target="Box2D"/>
		</Unit>
		<Unit filename="/home/santi/Escritorio/tp4 final/TP4---Portal/Camera.cpp">
			<Option target="untitled"/>
			<Option target="Box2D"/>
		</Unit>
		<Unit filename="/home/santi/Escritorio/tp4 final/TP4---Portal/Camera.h">
			<Option target="untitled"/>
			<Option target="Box2D"/>
		</Unit>
		<Unit filename="/home/santi/Escritorio/tp4 final/TP4---Portal/CoordConverter.cpp">
			<Option target="Box2D"/>
		</Unit>
		<Unit filename="/home/santi/Escritorio/tp4 final/TP4---Portal/CoordConverter.h">
			<Option target="Box2D"/>
		</Unit>
		<Unit filename="/home/santi/Escritorio/tp4 final/TP4---Portal/Emisor.cpp">
			<Option target="Box2D"/>
		</Unit>
		<Unit filename="/home/santi/Escritorio/tp4 final/TP4---Portal/Emisor.h">
			<Option target="Box2D"/>
		</Unit>
		<Unit filename="/home/santi/Escritorio/tp4 final/TP4---Portal/EmisorAbajo.cpp">
			<Option target="Box2D"/>
		</Unit>
		<Unit filename="/home/santi/Escritorio/tp4 final/TP4---Portal/EmisorAbajo.h">
			<Option target="Box2D"/>
		</Unit>
		<Unit filename="/home/santi/Escritorio/tp4 final/TP4---Portal/EmisorArriba.cpp">
			<Option target="Box2D"/>
		</Unit>
		<Unit filename="/home/santi/Escritorio/tp4 final/TP4---Portal/EmisorArriba.h">
			<Option target="Box2D"/>
		</Unit>
		<Unit filename="/home/santi/Escritorio/tp4 final/TP4---Portal/EmisorDerecha.cpp">
			<Option target="Box2D"/>
		</Unit>
		<Unit filename="/home/santi/Escritorio/tp4 final/TP4---Portal/EmisorDerecha.h">
			<Option target="Box2D"/>
		</Unit>
		<Unit filename="/home/santi/Escritorio/tp4 final/TP4---Portal/EmisorIzquierda.cpp">
			<Option target="Box2D"/>
		</Unit>
		<Unit filename="/home/santi/Escritorio/tp4 final/TP4---Portal/EmisorIzquierda.h">
			<Option target="Box2D"/>
		</Unit>
		<Unit filename="/home/santi/Escritorio/tp4 final/TP4---Portal/Receptor.cpp">
			<Option target="Box2D"/>
		</Unit>
		<Unit filename="/home/santi/Escritorio/tp4 final/TP4---Portal/Receptor.h">
			<Option target="Box2D"/>
		</Unit>
		<Unit filename="/home/santi/Escritorio/tp4 final/TP4---Portal/ReceptorAbajo.cpp">
			<Option target="Box2D"/>
		</Unit>
		<Unit filename="/home/santi/Escritorio/tp4 final/TP4---Portal/ReceptorAbajo.h">
			<Option target="Box2D"/>
		</Unit>
		<Unit filename="/home/santi/Escritorio/tp4 final/TP4---Portal/ReceptorArriba.cpp">
			<Option target="Box2D"/>
		</Unit>
		<Unit filename="/home/santi/Escritorio/tp4 final/TP4---Portal/ReceptorArriba.h">
			<Option target="Box2D"/>
		</Unit>
		<Unit filename="/home/santi/Escritorio/tp4 final/TP4---Portal/ReceptorDerecha.cpp">
			<Option target="Box2D"/>
		</Unit>
		<Unit filename="/home/santi/Escritorio/tp4 final/TP4---Portal/ReceptorDerecha.h">
			<Option target="Box2D"/>
		</Unit>
		<Unit filename="/home/santi/Escritorio/tp4 final/TP4---Portal/ReceptorIzquierda.cpp">
			<Option target="Box2D"/>
		</Unit>
		<Unit filename="/home/santi/Escritorio/tp4 final/TP4---Portal/ReceptorIzquierda.h">
			<Option target="Box2D"/>
		</Unit>
		<Unit filename="/home/santi/Escritorio/tp4 final/TP4---Portal/Renderable.cpp">
			<Option target="untitled"/>
		</Unit>
		<Unit filename="/home/santi/Escritorio/tp4 final/TP4---Portal/Renderable.h">
			<Option target="untitled"/>
		</Unit>
		<Unit filename="/home/santi/Escritorio/tp4 final/TP4---Portal/Roca.cpp">
			<Option target="untitled"/>
		</Unit>
		<Unit filename="/home/santi/Escritorio/tp4 final/TP4---Portal/Roca.h">
			<Option target="untitled"/>
		</Unit>
		<Unit filename="/home/santi/Escritorio/tp4 final/TP4---Portal/SdlException.cpp">
			<Option target="untitled"/>
		</Unit>
		<Unit filename="/home/santi/Escritorio/tp4 final/TP4---Portal/SdlException.h">
			<Option target="untitled"/>
		</Unit>
		<Unit filename="/home/santi/Escritorio/tp4 final/TP4---Portal/SdlTexture.cpp">
			<Option target="untitled"/>
		</Unit>
		<Unit filename="/home/santi/Escritorio/tp4 final/TP4---Portal/SdlTexture.h">
			<Option target="untitled"/>
		</Unit>
		<Unit filename="/home/santi/Escritorio/tp4 final/TP4---Portal/SdlWindow.cpp">
			<Option target="untitled"/>
		</Unit>
		<Unit filename="/home/santi/Escritorio/tp4 final/TP4---Portal/SdlWindow.h">
			<Option target="untitled"/>
		</Unit>
		<Unit filename="/home/santi/Escritorio/tp4 final/TP4---Portal/Sensor.cpp">
			<Option target="Box2D"/>
		</Unit>
		<Unit filename="/home/santi/Escritorio/tp4 final/TP4---Portal/Sensor.h">
			<Option target="Box2D"/>
		</Unit>
		<Unit filename="/home/santi/Escritorio/tp4 final/TP4---Portal/SensorReceptor.cpp">
			<Option target="Box2D"/>
		</Unit>
		<Unit filename="/home/santi/Escritorio/tp4 final/TP4---Portal/SensorReceptor.h">
			<Option target="Box2D"/>
		</Unit>
		<Unit filename="/home/santi/Escritorio/tp4 final/TP4---Portal/Sprite.cpp">
			<Option target="untitled"/>
		</Unit>
		<Unit filename="/home/santi/Escritorio/tp4 final/TP4---Portal/Sprite.h">
			<Option target="untitled"/>
		</Unit>
		<Unit filename="/home/santi/Escritorio/tp4 final/TP4---Portal/Teletransportador.cpp">
			<Option target="Box2D"/>
		</Unit>
		<Unit filename="/home/santi/Escritorio/tp4 final/TP4---Portal/Teletransportador.h">
			<Option target="Box2D"/>
		</Unit>
		<Unit filename="/home/santi/Escritorio/tp4 final/TP4---Portal/Timer.cpp">
			<Option target="untitled"/>
		</Unit>
		<Unit filename="/home/santi/Escritorio/tp4 final/TP4---Portal/Timer.h">
			<Option target="untitled"/>
		</Unit>
		<Unit filename="/home/santi/Escritorio/tp4 final/TP4---Portal/ViewChell.cpp">
			<Option target="untitled"/>
		</Unit>
		<Unit filename="/home/santi/Escritorio/tp4 final/TP4---Portal/ViewChell.h">
			<Option target="untitled"/>
		</Unit>
		<Unit filename="/home/santi/Escritorio/tp4 final/TP4---Portal/and.cpp">
			<Option target="Box2D"/>
		</Unit>
		<Unit filename="/home/santi/Escritorio/tp4 final/TP4---Portal/and.h">
			<Option target="Box2D"/>
		</Unit>
		<Unit filename="/home/santi/Escritorio/tp4 final/TP4---Portal/angulo.h">
			<Option target="Box2D"/>
		</Unit>
		<Unit filename="/home/santi/Escritorio/tp4 final/TP4---Portal/angulo_cero.cpp">
			<Option target="Box2D"/>
		</Unit>
		<Unit filename="/home/santi/Escritorio/tp4 final/TP4---Portal/angulo_cero.h">
			<Option target="Box2D"/>
		</Unit>
		<Unit filename="/home/santi/Escritorio/tp4 final/TP4---Portal/angulo_ciento_ochenta.cpp">
			<Option target="Box2D"/>
		</Unit>
		<Unit filename="/home/santi/Escritorio/tp4 final/TP4---Portal/angulo_ciento_ochenta.h">
			<Option target="Box2D"/>
		</Unit>
		<Unit filename="/home/santi/Escritorio/tp4 final/TP4---Portal/angulo_dos_setenta.cpp">
			<Option target="Box2D"/>
		</Unit>
		<Unit filename="/home/santi/Escritorio/tp4 final/TP4---Portal/angulo_dos_setenta.h">
			<Option target="Box2D"/>
		</Unit>
		<Unit filename="/home/santi/Escritorio/tp4 final/TP4---Portal/angulo_noventa.cpp">
			<Option target="Box2D"/>
		</Unit>
		<Unit filename="/home/santi/Escritorio/tp4 final/TP4---Portal/angulo_noventa.h">
			<Option target="Box2D"/>
		</Unit>
		<Unit filename="/home/santi/Escritorio/tp4 final/TP4---Portal/bloque_metal_diagonal.cpp">
			<Option target="Box2D"/>
		</Unit>
		<Unit filename="/home/santi/Escritorio/tp4 final/TP4---Portal/bloque_metal_diagonal.h">
			<Option target="Box2D"/>
		</Unit>
		<Unit filename="/home/santi/Escritorio/tp4 final/TP4---Portal/boton.cpp">
			<Option target="Box2D"/>
		</Unit>
		<Unit filename="/home/santi/Escritorio/tp4 final/TP4---Portal/boton.h">
			<Option target="Box2D"/>
		</Unit>
		<Unit filename="/home/santi/Escritorio/tp4 final/TP4---Portal/chell.cpp">
			<Option target="Box2D"/>
		</Unit>
		<Unit filename="/home/santi/Escritorio/tp4 final/TP4---Portal/chell.h">
			<Option target="Box2D"/>
		</Unit>
		<Unit filename="/home/santi/Escritorio/tp4 final/TP4---Portal/compuerta.cpp">
			<Option target="Box2D"/>
		</Unit>
		<Unit filename="/home/santi/Escritorio/tp4 final/TP4---Portal/compuerta.h">
			<Option target="Box2D"/>
		</Unit>
		<Unit filename="/home/santi/Escritorio/tp4 final/TP4---Portal/compuerta_logica.h">
			<Option target="Box2D"/>
		</Unit>
		<Unit filename="/home/santi/Escritorio/tp4 final/TP4---Portal/contact_listener.cpp">
			<Option target="Box2D"/>
		</Unit>
		<Unit filename="/home/santi/Escritorio/tp4 final/TP4---Portal/contact_listener.h">
			<Option target="Box2D"/>
		</Unit>
		<Unit filename="/home/santi/Escritorio/tp4 final/TP4---Portal/cuerpo.h">
			<Option target="Box2D"/>
		</Unit>
		<Unit filename="/home/santi/Escritorio/tp4 final/TP4---Portal/disparo.cpp">
			<Option target="Box2D"/>
		</Unit>
		<Unit filename="/home/santi/Escritorio/tp4 final/TP4---Portal/disparo.h">
			<Option target="Box2D"/>
		</Unit>
		<Unit filename="/home/santi/Escritorio/tp4 final/TP4---Portal/editor.cpp">
			<Option target="Box2D"/>
		</Unit>
		<Unit filename="/home/santi/Escritorio/tp4 final/TP4---Portal/editor.h">
			<Option target="Box2D"/>
		</Unit>
		<Unit filename="/home/santi/Escritorio/tp4 final/TP4---Portal/estado_abierta.cpp">
			<Option target="Box2D"/>
		</Unit>
		<Unit filename="/home/santi/Escritorio/tp4 final/TP4---Portal/estado_abierta.h">
			<Option target="Box2D"/>
		</Unit>
		<Unit filename="/home/santi/Escritorio/tp4 final/TP4---Portal/estado_abriendo.cpp">
			<Option target="Box2D"/>
		</Unit>
		<Unit filename="/home/santi/Escritorio/tp4 final/TP4---Portal/estado_abriendo.h">
			<Option target="Box2D"/>
		</Unit>
		<Unit filename="/home/santi/Escritorio/tp4 final/TP4---Portal/estado_cerrada.cpp">
			<Option target="Box2D"/>
		</Unit>
		<Unit filename="/home/santi/Escritorio/tp4 final/TP4---Portal/estado_cerrada.h">
			<Option target="Box2D"/>
		</Unit>
		<Unit filename="/home/santi/Escritorio/tp4 final/TP4---Portal/estado_cerrando.cpp">
			<Option target="Box2D"/>
		</Unit>
		<Unit filename="/home/santi/Escritorio/tp4 final/TP4---Portal/estado_cerrando.h">
			<Option target="Box2D"/>
		</Unit>
		<Unit filename="/home/santi/Escritorio/tp4 final/TP4---Portal/estado_compuerta.h">
			<Option target="Box2D"/>
		</Unit>
		<Unit filename="/home/santi/Escritorio/tp4 final/TP4---Portal/estado_logico.cpp">
			<Option target="Box2D"/>
		</Unit>
		<Unit filename="/home/santi/Escritorio/tp4 final/TP4---Portal/estado_logico.h">
			<Option target="Box2D"/>
		</Unit>
		<Unit filename="/home/santi/Escritorio/tp4 final/TP4---Portal/estado_teclado.cpp">
			<Option target="Box2D"/>
		</Unit>
		<Unit filename="/home/santi/Escritorio/tp4 final/TP4---Portal/estado_teclado.h">
			<Option target="Box2D"/>
		</Unit>
		<Unit filename="/home/santi/Escritorio/tp4 final/TP4---Portal/libs/Box2D/Box2D.h">
			<Option target="Box2D"/>
		</Unit>
		<Unit filename="/home/santi/Escritorio/tp4 final/TP4---Portal/libs/Box2D/Collision/Shapes/b2ChainShape.cpp">
			<Option target="Box2D"/>
		</Unit>
		<Unit filename="/home/santi/Escritorio/tp4 final/TP4---Portal/libs/Box2D/Collision/Shapes/b2ChainShape.h">
			<Option target="Box2D"/>
		</Unit>
		<Unit filename="/home/santi/Escritorio/tp4 final/TP4---Portal/libs/Box2D/Collision/Shapes/b2CircleShape.cpp">
			<Option target="Box2D"/>
		</Unit>
		<Unit filename="/home/santi/Escritorio/tp4 final/TP4---Portal/libs/Box2D/Collision/Shapes/b2CircleShape.h">
			<Option target="Box2D"/>
		</Unit>
		<Unit filename="/home/santi/Escritorio/tp4 final/TP4---Portal/libs/Box2D/Collision/Shapes/b2EdgeShape.cpp">
			<Option target="Box2D"/>
		</Unit>
		<Unit filename="/home/santi/Escritorio/tp4 final/TP4---Portal/libs/Box2D/Collision/Shapes/b2EdgeShape.h">
			<Option target="Box2D"/>
		</Unit>
		<Unit filename="/home/santi/Escritorio/tp4 final/TP4---Portal/libs/Box2D/Collision/Shapes/b2PolygonShape.cpp">
			<Option target="Box2D"/>
		</Unit>
		<Unit filename="/home/santi/Escritorio/tp4 final/TP4---Portal/libs/Box2D/Collision/Shapes/b2PolygonShape.h">
			<Option target="Box2D"/>
		</Unit>
		<Unit filename="/home/santi/Escritorio/tp4 final/TP4---Portal/libs/Box2D/Collision/Shapes/b2Shape.h">
			<Option target="Box2D"/>
		</Unit>
		<Unit filename="/home/santi/Escritorio/tp4 final/TP4---Portal/libs/Box2D/Collision/b2BroadPhase.cpp">
			<Option target="Box2D"/>
		</Unit>
		<Unit filename="/home/santi/Escritorio/tp4 final/TP4---Portal/libs/Box2D/Collision/b2BroadPhase.h">
			<Option target="Box2D"/>
		</Unit>
		<Unit filename="/home/santi/Escritorio/tp4 final/TP4---Portal/libs/Box2D/Collision/b2CollideCircle.cpp">
			<Option target="Box2D"/>
		</Unit>
		<Unit filename="/home/santi/Escritorio/tp4 final/TP4---Portal/libs/Box2D/Collision/b2CollideEdge.cpp">
			<Option target="Box2D"/>
		</Unit>
		<Unit filename="/home/santi/Escritorio/tp4 final/TP4---Portal/libs/Box2D/Collision/b2CollidePolygon.cpp">
			<Option target="Box2D"/>
		</Unit>
		<Unit filename="/home/santi/Escritorio/tp4 final/TP4---Portal/libs/Box2D/Collision/b2Collision.cpp">
			<Option target="Box2D"/>
		</Unit>
		<Unit filename="/home/santi/Escritorio/tp4 final/TP4---Portal/libs/Box2D/Collision/b2Collision.h">
			<Option target="Box2D"/>
		</Unit>
		<Unit filename="/home/santi/Escritorio/tp4 final/TP4---Portal/libs/Box2D/Collision/b2Distance.cpp">
			<Option target="Box2D"/>
		</Unit>
		<Unit filename="/home/santi/Escritorio/tp4 final/TP4---Portal/libs/Box2D/Collision/b2Distance.h">
			<Option target="Box2D"/>
		</Unit>
		<Unit filename="/home/santi/Escritorio/tp4 final/TP4---Portal/libs/Box2D/Collision/b2DynamicTree.cpp">
			<Option target="Box2D"/>
		</Unit>
		<Unit filename="/home/santi/Escritorio/tp4 final/TP4---Portal/libs/Box2D/Collision/b2DynamicTree.h">
			<Option target="Box2D"/>
		</Unit>
		<Unit filename="/home/santi/Escritorio/tp4 final/TP4---Portal/libs/Box2D/Collision/b2TimeOfImpact.cpp">
			<Option target="Box2D"/>
		</Unit>
		<Unit filename="/home/santi/Escritorio/tp4 final/TP4---Portal/libs/Box2D/Collision/b2TimeOfImpact.h">
			<Option target="Box2D"/>
		</Unit>
		<Unit filename="/home/santi/Escritorio/tp4 final/TP4---Portal/libs/Box2D/Common/b2BlockAllocator.cpp">
			<Option target="Box2D"/>
		</Unit>
		<Unit filename="/home/santi/Escritorio/tp4 final/TP4---Portal/libs/Box2D/Common/b2BlockAllocator.h">
			<Option target="Box2D"/>
		</Unit>
		<Unit filename="/home/santi/Escritorio/tp4 final/TP4---Portal/libs/Box2D/Common/b2Draw.cpp">
			<Option target="Box2D"/>
		</Unit>
		<Unit filename="/home/santi/Escritorio/tp4 final/TP4---Portal/libs/Box2D/Common/b2Draw.h">
			<Option target="Box2D"/>
		</Unit>
		<Unit filename="/home/santi/Escritorio/tp4 final/TP4---Portal/libs/Box2D/Common/b2GrowableStack.h">
			<Option target="Box2D"/>
		</Unit>
		<Unit filename="/home/santi/Escritorio/tp4 final/TP4---Portal/libs/Box2D/Common/b2Math.cpp">
			<Option target="Box2D"/>
		</Unit>
		<Unit filename="/home/santi/Escritorio/tp4 final/TP4---Portal/libs/Box2D/Common/b2Math.h">
			<Option target="Box2D"/>
		</Unit>
		<Unit filename="/home/santi/Escritorio/tp4 final/TP4---Portal/libs/Box2D/Common/b2Settings.cpp">
			<Option target="Box2D"/>
		</Unit>
		<Unit filename="/home/santi/Escritorio/tp4 final/TP4---Portal/libs/Box2D/Common/b2Settings.h">
			<Option target="Box2D"/>
		</Unit>
		<Unit filename="/home/santi/Escritorio/tp4 final/TP4---Portal/libs/Box2D/Common/b2StackAllocator.cpp">
			<Option target="Box2D"/>
		</Unit>
		<Unit filename="/home/santi/Escritorio/tp4 final/TP4---Portal/libs/Box2D/Common/b2StackAllocator.h">
			<Option target="Box2D"/>
		</Unit>
		<Unit filename="/home/santi/Escritorio/tp4 final/TP4---Portal/libs/Box2D/Common/b2Timer.cpp">
			<Option target="Box2D"/>
		</Unit>
		<Unit filename="/home/santi/Escritorio/tp4 final/TP4---Portal/libs/Box2D/Common/b2Timer.h">
			<Option target="Box2D"/>
		</Unit>
		<Unit filename="/home/santi/Escritorio/tp4 final/TP4---Portal/libs/Box2D/Dynamics/Contacts/b2ChainAndCircleContact.cpp">
			<Option target="Box2D"/>
		</Unit>
		<Unit filename="/home/santi/Escritorio/tp4 final/TP4---Portal/libs/Box2D/Dynamics/Contacts/b2ChainAndCircleContact.h">
			<Option target="Box2D"/>
		</Unit>
		<Unit filename="/home/santi/Escritorio/tp4 final/TP4---Portal/libs/Box2D/Dynamics/Contacts/b2ChainAndPolygonContact.cpp">
			<Option target="Box2D"/>
		</Unit>
		<Unit filename="/home/santi/Escritorio/tp4 final/TP4---Portal/libs/Box2D/Dynamics/Contacts/b2ChainAndPolygonContact.h">
			<Option target="Box2D"/>
		</Unit>
		<Unit filename="/home/santi/Escritorio/tp4 final/TP4---Portal/libs/Box2D/Dynamics/Contacts/b2CircleContact.cpp">
			<Option target="Box2D"/>
		</Unit>
		<Unit filename="/home/santi/Escritorio/tp4 final/TP4---Portal/libs/Box2D/Dynamics/Contacts/b2CircleContact.h">
			<Option target="Box2D"/>
		</Unit>
		<Unit filename="/home/santi/Escritorio/tp4 final/TP4---Portal/libs/Box2D/Dynamics/Contacts/b2Contact.cpp">
			<Option target="Box2D"/>
		</Unit>
		<Unit filename="/home/santi/Escritorio/tp4 final/TP4---Portal/libs/Box2D/Dynamics/Contacts/b2Contact.h">
			<Option target="Box2D"/>
		</Unit>
		<Unit filename="/home/santi/Escritorio/tp4 final/TP4---Portal/libs/Box2D/Dynamics/Contacts/b2ContactSolver.cpp">
			<Option target="Box2D"/>
		</Unit>
		<Unit filename="/home/santi/Escritorio/tp4 final/TP4---Portal/libs/Box2D/Dynamics/Contacts/b2ContactSolver.h">
			<Option target="Box2D"/>
		</Unit>
		<Unit filename="/home/santi/Escritorio/tp4 final/TP4---Portal/libs/Box2D/Dynamics/Contacts/b2EdgeAndCircleContact.cpp">
			<Option target="Box2D"/>
		</Unit>
		<Unit filename="/home/santi/Escritorio/tp4 final/TP4---Portal/libs/Box2D/Dynamics/Contacts/b2EdgeAndCircleContact.h">
			<Option target="Box2D"/>
		</Unit>
		<Unit filename="/home/santi/Escritorio/tp4 final/TP4---Portal/libs/Box2D/Dynamics/Contacts/b2EdgeAndPolygonContact.cpp">
			<Option target="Box2D"/>
		</Unit>
		<Unit filename="/home/santi/Escritorio/tp4 final/TP4---Portal/libs/Box2D/Dynamics/Contacts/b2EdgeAndPolygonContact.h">
			<Option target="Box2D"/>
		</Unit>
		<Unit filename="/home/santi/Escritorio/tp4 final/TP4---Portal/libs/Box2D/Dynamics/Contacts/b2PolygonAndCircleContact.cpp">
			<Option target="Box2D"/>
		</Unit>
		<Unit filename="/home/santi/Escritorio/tp4 final/TP4---Portal/libs/Box2D/Dynamics/Contacts/b2PolygonAndCircleContact.h">
			<Option target="Box2D"/>
		</Unit>
		<Unit filename="/home/santi/Escritorio/tp4 final/TP4---Portal/libs/Box2D/Dynamics/Contacts/b2PolygonContact.cpp">
			<Option target="Box2D"/>
		</Unit>
		<Unit filename="/home/santi/Escritorio/tp4 final/TP4---Portal/libs/Box2D/Dynamics/Contacts/b2PolygonContact.h">
			<Option target="Box2D"/>
		</Unit>
		<Unit filename="/home/santi/Escritorio/tp4 final/TP4---Portal/libs/Box2D/Dynamics/Joints/b2DistanceJoint.cpp">
			<Option target="Box2D"/>
		</Unit>
		<Unit filename="/home/santi/Escritorio/tp4 final/TP4---Portal/libs/Box2D/Dynamics/Joints/b2DistanceJoint.h">
			<Option target="Box2D"/>
		</Unit>
		<Unit filename="/home/santi/Escritorio/tp4 final/TP4---Portal/libs/Box2D/Dynamics/Joints/b2FrictionJoint.cpp">
			<Option target="Box2D"/>
		</Unit>
		<Unit filename="/home/santi/Escritorio/tp4 final/TP4---Portal/libs/Box2D/Dynamics/Joints/b2FrictionJoint.h">
			<Option target="Box2D"/>
		</Unit>
		<Unit filename="/home/santi/Escritorio/tp4 final/TP4---Portal/libs/Box2D/Dynamics/Joints/b2GearJoint.cpp">
			<Option target="Box2D"/>
		</Unit>
		<Unit filename="/home/santi/Escritorio/tp4 final/TP4---Portal/libs/Box2D/Dynamics/Joints/b2GearJoint.h">
			<Option target="Box2D"/>
		</Unit>
		<Unit filename="/home/santi/Escritorio/tp4 final/TP4---Portal/libs/Box2D/Dynamics/Joints/b2Joint.cpp">
			<Option target="Box2D"/>
		</Unit>
		<Unit filename="/home/santi/Escritorio/tp4 final/TP4---Portal/libs/Box2D/Dynamics/Joints/b2Joint.h">
			<Option target="Box2D"/>
		</Unit>
		<Unit filename="/home/santi/Escritorio/tp4 final/TP4---Portal/libs/Box2D/Dynamics/Joints/b2MotorJoint.cpp">
			<Option target="Box2D"/>
		</Unit>
		<Unit filename="/home/santi/Escritorio/tp4 final/TP4---Portal/libs/Box2D/Dynamics/Joints/b2MotorJoint.h">
			<Option target="Box2D"/>
		</Unit>
		<Unit filename="/home/santi/Escritorio/tp4 final/TP4---Portal/libs/Box2D/Dynamics/Joints/b2MouseJoint.cpp">
			<Option target="Box2D"/>
		</Unit>
		<Unit filename="/home/santi/Escritorio/tp4 final/TP4---Portal/libs/Box2D/Dynamics/Joints/b2MouseJoint.h">
			<Option target="Box2D"/>
		</Unit>
		<Unit filename="/home/santi/Escritorio/tp4 final/TP4---Portal/libs/Box2D/Dynamics/Joints/b2PrismaticJoint.cpp">
			<Option target="Box2D"/>
		</Unit>
		<Unit filename="/home/santi/Escritorio/tp4 final/TP4---Portal/libs/Box2D/Dynamics/Joints/b2PrismaticJoint.h">
			<Option target="Box2D"/>
		</Unit>
		<Unit filename="/home/santi/Escritorio/tp4 final/TP4---Portal/libs/Box2D/Dynamics/Joints/b2PulleyJoint.cpp">
			<Option target="Box2D"/>
		</Unit>
		<Unit filename="/home/santi/Escritorio/tp4 final/TP4---Portal/libs/Box2D/Dynamics/Joints/b2PulleyJoint.h">
			<Option target="Box2D"/>
		</Unit>
		<Unit filename="/home/santi/Escritorio/tp4 final/TP4---Portal/libs/Box2D/Dynamics/Joints/b2RevoluteJoint.cpp">
			<Option target="Box2D"/>
		</Unit>
		<Unit filename="/home/santi/Escritorio/tp4 final/TP4---Portal/libs/Box2D/Dynamics/Joints/b2RevoluteJoint.h">
			<Option target="Box2D"/>
		</Unit>
		<Unit filename="/home/santi/Escritorio/tp4 final/TP4---Portal/libs/Box2D/Dynamics/Joints/b2RopeJoint.cpp">
			<Option target="Box2D"/>
		</Unit>
		<Unit filename="/home/santi/Escritorio/tp4 final/TP4---Portal/libs/Box2D/Dynamics/Joints/b2RopeJoint.h">
			<Option target="Box2D"/>
		</Unit>
		<Unit filename="/home/santi/Escritorio/tp4 final/TP4---Portal/libs/Box2D/Dynamics/Joints/b2WeldJoint.cpp">
			<Option target="Box2D"/>
		</Unit>
		<Unit filename="/home/santi/Escritorio/tp4 final/TP4---Portal/libs/Box2D/Dynamics/Joints/b2WeldJoint.h">
			<Option target="Box2D"/>
		</Unit>
		<Unit filename="/home/santi/Escritorio/tp4 final/TP4---Portal/libs/Box2D/Dynamics/Joints/b2WheelJoint.cpp">
			<Option target="Box2D"/>
		</Unit>
		<Unit filename="/home/santi/Escritorio/tp4 final/TP4---Portal/libs/Box2D/Dynamics/Joints/b2WheelJoint.h">
			<Option target="Box2D"/>
		</Unit>
		<Unit filename="/home/santi/Escritorio/tp4 final/TP4---Portal/libs/Box2D/Dynamics/b2Body.cpp">
			<Option target="Box2D"/>
		</Unit>
		<Unit filename="/home/santi/Escritorio/tp4 final/TP4---Portal/libs/Box2D/Dynamics/b2Body.h">
			<Option target="Box2D"/>
		</Unit>
		<Unit filename="/home/santi/Escritorio/tp4 final/TP4---Portal/libs/Box2D/Dynamics/b2ContactManager.cpp">
			<Option target="Box2D"/>
		</Unit>
		<Unit filename="/home/santi/Escritorio/tp4 final/TP4---Portal/libs/Box2D/Dynamics/b2ContactManager.h">
			<Option target="Box2D"/>
		</Unit>
		<Unit filename="/home/santi/Escritorio/tp4 final/TP4---Portal/libs/Box2D/Dynamics/b2Fixture.cpp">
			<Option target="Box2D"/>
		</Unit>
		<Unit filename="/home/santi/Escritorio/tp4 final/TP4---Portal/libs/Box2D/Dynamics/b2Fixture.h">
			<Option target="Box2D"/>
		</Unit>
		<Unit filename="/home/santi/Escritorio/tp4 final/TP4---Portal/libs/Box2D/Dynamics/b2Island.cpp">
			<Option target="Box2D"/>
		</Unit>
		<Unit filename="/home/santi/Escritorio/tp4 final/TP4---Portal/libs/Box2D/Dynamics/b2Island.h">
			<Option target="Box2D"/>
		</Unit>
		<Unit filename="/home/santi/Escritorio/tp4 final/TP4---Portal/libs/Box2D/Dynamics/b2TimeStep.h">
			<Option target="Box2D"/>
		</Unit>
		<Unit filename="/home/santi/Escritorio/tp4 final/TP4---Portal/libs/Box2D/Dynamics/b2World.cpp">
			<Option target="Box2D"/>
		</Unit>
		<Unit filename="/home/santi/Escritorio/tp4 final/TP4---Portal/libs/Box2D/Dynamics/b2World.h">
			<Option target="Box2D"/>
		</Unit>
		<Unit filename="/home/santi/Escritorio/tp4 final/TP4---Portal/libs/Box2D/Dynamics/b2WorldCallbacks.cpp">
			<Option target="Box2D"/>
		</Unit>
		<Unit filename="/home/santi/Escritorio/tp4 final/TP4---Portal/libs/Box2D/Dynamics/b2WorldCallbacks.h">
			<Option target="Box2D"/>
		</Unit>
		<Unit filename="/home/santi/Escritorio/tp4 final/TP4---Portal/libs/Box2D/Rope/b2Rope.cpp">
			<Option target="Box2D"/>
		</Unit>
		<Unit filename="/home/santi/Escritorio/tp4 final/TP4---Portal/libs/Box2D/Rope/b2Rope.h">
			<Option target="Box2D"/>
		</Unit>
		<Unit filename="/home/santi/Escritorio/tp4 final/TP4---Portal/main.cpp">
			<Option target="untitled"/>
			<Option target="Box2D"/>
		</Unit>
		<Unit filename="/home/santi/Escritorio/tp4 final/TP4---Portal/mundo.cpp">
			<Option target="Box2D"/>
		</Unit>
		<Unit filename="/home/santi/Escritorio/tp4 final/TP4---Portal/mundo.h">
			<Option target="Box2D"/>
		</Unit>
		<Unit filename="/home/santi/Escritorio/tp4 final/TP4---Portal/or.cpp">
			<Option target="Box2D"/>
		</Unit>
		<Unit filename="/home/santi/Escritorio/tp4 final/TP4---Portal/or.h">
			<Option target="Box2D"/>
		</Unit>
		<Unit filename="/home/santi/Escritorio/tp4 final/TP4---Portal/personajes.cpp">
			<Option target="Box2D"/>
		</Unit>
		<Unit filename="/home/santi/Escritorio/tp4 final/TP4---Portal/personajes.h">
			<Option target="Box2D"/>
		</Unit>
		<Unit filename="/home/santi/Escritorio/tp4 final/TP4---Portal/pistola.cpp">
			<Option target="Box2D"/>
		</Unit>
		<Unit filename="/home/santi/Escritorio/tp4 final/TP4---Portal/pistola.h">
			<Option target="Box2D"/>
		</Unit>
		<Unit filename="/home/santi/Escritorio/tp4 final/TP4---Portal/portal.cpp">
			<Option target="Box2D"/>
		</Unit>
		<Unit filename="/home/santi/Escritorio/tp4 final/TP4---Portal/portal.h">
			<Option target="Box2D"/>
		</Unit>
		<Unit filename="/home/santi/Escritorio/tp4 final/TP4---Portal/CMakeLists.txt">
			<Option virtualFolder="CMake Files\"/>
		</Unit>
	</Project>
</CodeBlocks_project_file>
